# This file was autogenerated by uv via the following command:
#    uv pip compile requirements.txt --python-version 3.12 --python-platform x86_64-manylinux_2_34 --output-file requirements-linux.lock
brotli==1.2.0
    # via yt-dlp
certifi==2026.7.22
    # via
    #   curl-cffi
    #   requests
    #   yt-dlp
cffi==2.1.1
    # via curl-cffi
charset-normalizer==3.5.1
    # via requests
coloredlogs==15.0.1
    # via onnxruntime
curl-cffi==0.16.3
    # via yt-dlp
flatbuffers==25.12.19
    # via onnxruntime
humanfriendly==10.0
    # via coloredlogs
idna==3.19
    # via requests
mpmath==1.3.0
    # via sympy
mutagen==1.48.1
    # via yt-dlp
numpy==2.5.3
    # via
    #   -r requirements.txt
    #   onnxruntime
    #   scipy
onnxruntime==1.23.2
    # via -r requirements.txt
packaging==26.3
    # via onnxruntime
pillow==12.3.0
    # via -r requirements.txt
protobuf==7.36.1
    # via onnxruntime
pycparser==3.0
    # via cffi
pycryptodomex==3.23.0
    # via yt-dlp
reactor-sdk==1.5.1
    # via -r requirements.txt
requests==2.34.2
    # via yt-dlp
scipy==1.18.1
    # via -r requirements.txt
sympy==1.14.0
    # via onnxruntime
urllib3==2.7.0
    # via
    #   requests
    #   yt-dlp
websockets==17.1
    # via yt-dlp
yt-dlp==2026.8.19
    # via -r requirements.txt
yt-dlp-ejs==0.8.0
    # via yt-dlp
